
Microsoft Visual Studio Solution File, Format Version 12.00
# Visual Studio Version 17
VisualStudioVersion = 17.6.33723.286
MinimumVisualStudioVersion = 10.0.40219.1
Project("{FAE04EC0-301F-11D3-BF4B-00C04F79EFBC}") = "GameDb-Assignment3", "GameDb-Assignment3.csproj", "{F5CD6A69-1B9F-4AFB-AC92-979261747C5C}"
EndProject
Global
	GlobalSection(SolutionConfigurationPlatforms) = preSolution
		Debug|Any CPU = Debug|Any CPU
		Release|Any CPU = Release|Any CPU
	EndGlobalSection
	GlobalSection(ProjectConfigurationPlatforms) = postSolution
		{F5CD6A69-1B9F-4AFB-AC92-979261747C5C}.Debug|Any CPU.ActiveCfg = Debug|Any CPU
		{F5CD6A69-1B9F-4AFB-AC92-979261747C5C}.Debug|Any CPU.Build.0 = Debug|Any CPU
		{F5CD6A69-1B9F-4AFB-AC92-979261747C5C}.Release|Any CPU.ActiveCfg = Release|Any CPU
		{F5CD6A69-1B9F-4AFB-AC92-979261747C5C}.Release|Any CPU.Build.0 = Release|Any CPU
	EndGlobalSection
	GlobalSection(SolutionProperties) = preSolution
		HideSolutionNode = FALSE
	EndGlobalSection
	GlobalSection(ExtensibilityGlobals) = postSolution
		SolutionGuid = {5CECF621-1793-4289-B8CA-2B0C1836A078}
	EndGlobalSection
EndGlobal
